{
  "name": "XiaoZhuan",
  "lockfileVersion": 3,
  "requires": true,
  "packages": {
    "": {
      "dependencies": {
        "@chinese-fonts/ysbzt": "^3.0.0"
      }
    },
    "node_modules/@chinese-fonts/ysbzt": {
      "version": "3.0.0",
      "resolved": "https://registry.npmjs.org/@chinese-fonts/ysbzt/-/ysbzt-3.0.0.tgz",
      "integrity": "sha512-rUbPE6QYEuOudSq0ps9h6KdFEAYe7MFPUuTkmL1WYMZmTbP7Yzwi1L7/VyKUCxkdxkwxB7kFjKuSeULYQY3ADg==",
      "license": "MIT"
    }
  }
}
